
Microsoft Visual Studio Solution File, Format Version 12.00
# Visual Studio 15
VisualStudioVersion = 15.0.28010.2003
MinimumVisualStudioVersion = 10.0.40219.1
Project("{888888A0-9F3D-457C-B088-3A5042F75D52}") = "ConsoleUnicode", "ConsoleUnicode.pyproj", "{B7137C4E-26F4-4BC7-9302-2CB9CCBC3B16}"
EndProject
Global
	GlobalSection(SolutionConfigurationPlatforms) = preSolution
		Debug|Any CPU = Debug|Any CPU
		Release|Any CPU = Release|Any CPU
	EndGlobalSection
	GlobalSection(ProjectConfigurationPlatforms) = postSolution
		{B7137C4E-26F4-4BC7-9302-2CB9CCBC3B16}.Debug|Any CPU.ActiveCfg = Debug|Any CPU
		{B7137C4E-26F4-4BC7-9302-2CB9CCBC3B16}.Release|Any CPU.ActiveCfg = Release|Any CPU
	EndGlobalSection
	GlobalSection(SolutionProperties) = preSolution
		HideSolutionNode = FALSE
	EndGlobalSection
	GlobalSection(ExtensibilityGlobals) = postSolution
		SolutionGuid = {839B6563-5A63-4D9E-AD6D-26715171C2F0}
	EndGlobalSection
EndGlobal
