
Microsoft Visual Studio Solution File, Format Version 12.00
# Visual Studio Version 17
VisualStudioVersion = 17.1.32210.238
MinimumVisualStudioVersion = 10.0.40219.1
Project("{888888A0-9F3D-457C-B088-3A5042F75D52}") = "CheckQueneau", "CheckQueneau.pyproj", "{C75D12FB-8381-4033-A706-CD4AA6A899D8}"
EndProject
Global
	GlobalSection(SolutionConfigurationPlatforms) = preSolution
		Debug|Any CPU = Debug|Any CPU
		Release|Any CPU = Release|Any CPU
	EndGlobalSection
	GlobalSection(ProjectConfigurationPlatforms) = postSolution
		{C75D12FB-8381-4033-A706-CD4AA6A899D8}.Debug|Any CPU.ActiveCfg = Debug|Any CPU
		{C75D12FB-8381-4033-A706-CD4AA6A899D8}.Release|Any CPU.ActiveCfg = Release|Any CPU
	EndGlobalSection
	GlobalSection(SolutionProperties) = preSolution
		HideSolutionNode = FALSE
	EndGlobalSection
	GlobalSection(ExtensibilityGlobals) = postSolution
		SolutionGuid = {DE12669F-8FB3-4645-B6B1-4D5A9F154AAE}
	EndGlobalSection
EndGlobal
