
Microsoft Visual Studio Solution File, Format Version 12.00
# Visual Studio 15
VisualStudioVersion = 15.0.27130.2026
MinimumVisualStudioVersion = 10.0.40219.1
Project("{888888A0-9F3D-457C-B088-3A5042F75D52}") = "Multiplication", "Multiplication.pyproj", "{8C1247A1-9A0F-491E-8DB9-F0E37138EDBB}"
EndProject
Global
	GlobalSection(SolutionConfigurationPlatforms) = preSolution
		Debug|Any CPU = Debug|Any CPU
		Release|Any CPU = Release|Any CPU
	EndGlobalSection
	GlobalSection(ProjectConfigurationPlatforms) = postSolution
		{8C1247A1-9A0F-491E-8DB9-F0E37138EDBB}.Debug|Any CPU.ActiveCfg = Debug|Any CPU
		{8C1247A1-9A0F-491E-8DB9-F0E37138EDBB}.Release|Any CPU.ActiveCfg = Release|Any CPU
	EndGlobalSection
	GlobalSection(SolutionProperties) = preSolution
		HideSolutionNode = FALSE
	EndGlobalSection
	GlobalSection(ExtensibilityGlobals) = postSolution
		SolutionGuid = {62196BDA-6B59-48E6-80B7-271F3A4F02C3}
	EndGlobalSection
EndGlobal
