
Microsoft Visual Studio Solution File, Format Version 12.00
# Visual Studio 15
VisualStudioVersion = 15.0.27703.2042
MinimumVisualStudioVersion = 10.0.40219.1
Project("{888888A0-9F3D-457C-B088-3A5042F75D52}") = "pihuit", "pihuit.pyproj", "{BED54401-200D-401F-A4BE-8307F6A07B5E}"
EndProject
Global
	GlobalSection(SolutionConfigurationPlatforms) = preSolution
		Debug|Any CPU = Debug|Any CPU
		Release|Any CPU = Release|Any CPU
	EndGlobalSection
	GlobalSection(ProjectConfigurationPlatforms) = postSolution
		{BED54401-200D-401F-A4BE-8307F6A07B5E}.Debug|Any CPU.ActiveCfg = Debug|Any CPU
		{BED54401-200D-401F-A4BE-8307F6A07B5E}.Release|Any CPU.ActiveCfg = Release|Any CPU
	EndGlobalSection
	GlobalSection(SolutionProperties) = preSolution
		HideSolutionNode = FALSE
	EndGlobalSection
	GlobalSection(ExtensibilityGlobals) = postSolution
		SolutionGuid = {8BC64E35-C908-4B35-83DD-BEB6D11E7F85}
	EndGlobalSection
EndGlobal
