
Microsoft Visual Studio Solution File, Format Version 12.00
# Visual Studio 15
VisualStudioVersion = 15.0.27428.1
MinimumVisualStudioVersion = 10.0.40219.1
Project("{888888A0-9F3D-457C-B088-3A5042F75D52}") = "Dragon", "Dragon.pyproj", "{0483A964-262B-4916-BE6B-5B23BB6D05FA}"
EndProject
Global
	GlobalSection(SolutionConfigurationPlatforms) = preSolution
		Debug|Any CPU = Debug|Any CPU
		Release|Any CPU = Release|Any CPU
	EndGlobalSection
	GlobalSection(ProjectConfigurationPlatforms) = postSolution
		{0483A964-262B-4916-BE6B-5B23BB6D05FA}.Debug|Any CPU.ActiveCfg = Debug|Any CPU
		{0483A964-262B-4916-BE6B-5B23BB6D05FA}.Release|Any CPU.ActiveCfg = Release|Any CPU
	EndGlobalSection
	GlobalSection(SolutionProperties) = preSolution
		HideSolutionNode = FALSE
	EndGlobalSection
	GlobalSection(ExtensibilityGlobals) = postSolution
		SolutionGuid = {01C84B95-CB4F-474A-A350-853F08966386}
	EndGlobalSection
EndGlobal
