
Microsoft Visual Studio Solution File, Format Version 12.00
# Visual Studio 15
VisualStudioVersion = 15.0.26730.3
MinimumVisualStudioVersion = 10.0.40219.1
Project("{888888A0-9F3D-457C-B088-3A5042F75D52}") = "24 Folders", "24 Folders.pyproj", "{0B086725-3C89-4E39-BA35-1E4722347D45}"
EndProject
Global
	GlobalSection(SolutionConfigurationPlatforms) = preSolution
		Debug|Any CPU = Debug|Any CPU
		Release|Any CPU = Release|Any CPU
	EndGlobalSection
	GlobalSection(ProjectConfigurationPlatforms) = postSolution
		{0B086725-3C89-4E39-BA35-1E4722347D45}.Debug|Any CPU.ActiveCfg = Debug|Any CPU
		{0B086725-3C89-4E39-BA35-1E4722347D45}.Release|Any CPU.ActiveCfg = Release|Any CPU
	EndGlobalSection
	GlobalSection(SolutionProperties) = preSolution
		HideSolutionNode = FALSE
	EndGlobalSection
	GlobalSection(ExtensibilityGlobals) = postSolution
		SolutionGuid = {5F40A40C-48A7-4E2D-B47E-5E6B58113A8A}
	EndGlobalSection
EndGlobal
