
Microsoft Visual Studio Solution File, Format Version 12.00
# Visual Studio 15
VisualStudioVersion = 15.0.27428.1
MinimumVisualStudioVersion = 10.0.40219.1
Project("{888888A0-9F3D-457C-B088-3A5042F75D52}") = "NonDerivable", "NonDerivable.pyproj", "{7F7A0E1E-29D4-4696-BAC5-2F53C4C1819E}"
EndProject
Global
	GlobalSection(SolutionConfigurationPlatforms) = preSolution
		Debug|Any CPU = Debug|Any CPU
		Release|Any CPU = Release|Any CPU
	EndGlobalSection
	GlobalSection(ProjectConfigurationPlatforms) = postSolution
		{7F7A0E1E-29D4-4696-BAC5-2F53C4C1819E}.Debug|Any CPU.ActiveCfg = Debug|Any CPU
		{7F7A0E1E-29D4-4696-BAC5-2F53C4C1819E}.Release|Any CPU.ActiveCfg = Release|Any CPU
	EndGlobalSection
	GlobalSection(SolutionProperties) = preSolution
		HideSolutionNode = FALSE
	EndGlobalSection
	GlobalSection(ExtensibilityGlobals) = postSolution
		SolutionGuid = {204A4372-10A5-494A-9B9E-49C39098E748}
	EndGlobalSection
EndGlobal
